
Microsoft Visual Studio Solution File, Format Version 12.00
# Visual Studio Version 16
VisualStudioVersion = 16.0.31613.86
MinimumVisualStudioVersion = 10.0.40219.1
Project("{FAE04EC0-301F-11D3-BF4B-00C04F79EFBC}") = "SocialMedia.Core", "SocialMedia.Core\SocialMedia.Core.csproj", "{45BA73BA-005C-4BE4-AA10-153C42EFFB2E}"
EndProject
Project("{FAE04EC0-301F-11D3-BF4B-00C04F79EFBC}") = "SocialMedia.Api", "SocialMedia.Api\SocialMedia.Api.csproj", "{92A2B3DF-592C-4253-BF4B-1EA301F7C3E2}"
EndProject
Project("{FAE04EC0-301F-11D3-BF4B-00C04F79EFBC}") = "SocialMedia.Infrastructure", "SocialMedia.Infrastructure\SocialMedia.Infrastructure.csproj", "{D466A95D-56AC-41D8-BBE2-312A6842532A}"
EndProject
Global
	GlobalSection(SolutionConfigurationPlatforms) = preSolution
		Debug|Any CPU = Debug|Any CPU
		Release|Any CPU = Release|Any CPU
	EndGlobalSection
	GlobalSection(ProjectConfigurationPlatforms) = postSolution
		{45BA73BA-005C-4BE4-AA10-153C42EFFB2E}.Debug|Any CPU.ActiveCfg = Debug|Any CPU
		{45BA73BA-005C-4BE4-AA10-153C42EFFB2E}.Debug|Any CPU.Build.0 = Debug|Any CPU
		{45BA73BA-005C-4BE4-AA10-153C42EFFB2E}.Release|Any CPU.ActiveCfg = Release|Any CPU
		{45BA73BA-005C-4BE4-AA10-153C42EFFB2E}.Release|Any CPU.Build.0 = Release|Any CPU
		{92A2B3DF-592C-4253-BF4B-1EA301F7C3E2}.Debug|Any CPU.ActiveCfg = Debug|Any CPU
		{92A2B3DF-592C-4253-BF4B-1EA301F7C3E2}.Debug|Any CPU.Build.0 = Debug|Any CPU
		{92A2B3DF-592C-4253-BF4B-1EA301F7C3E2}.Release|Any CPU.ActiveCfg = Release|Any CPU
		{92A2B3DF-592C-4253-BF4B-1EA301F7C3E2}.Release|Any CPU.Build.0 = Release|Any CPU
		{D466A95D-56AC-41D8-BBE2-312A6842532A}.Debug|Any CPU.ActiveCfg = Debug|Any CPU
		{D466A95D-56AC-41D8-BBE2-312A6842532A}.Debug|Any CPU.Build.0 = Debug|Any CPU
		{D466A95D-56AC-41D8-BBE2-312A6842532A}.Release|Any CPU.ActiveCfg = Release|Any CPU
		{D466A95D-56AC-41D8-BBE2-312A6842532A}.Release|Any CPU.Build.0 = Release|Any CPU
	EndGlobalSection
	GlobalSection(SolutionProperties) = preSolution
		HideSolutionNode = FALSE
	EndGlobalSection
	GlobalSection(ExtensibilityGlobals) = postSolution
		SolutionGuid = {95316329-FEA7-44B5-A6AF-319C2F71D95B}
	EndGlobalSection
EndGlobal
